{
  "nodes": {
    "nixpkgs": {
      "locked": {
        "lastModified": 1769176255,
        "narHash": "sha256-HPBfyjY1dnD/+NIZCfQudGFMRcI9jc6vcyS404xFD4o=",
        "ref": "refs/heads/main",
        "rev": "b38454db1cf29c592751bef99863136e31f7b23a",
        "shallow": true,
        "type": "git",
        "url": "https://github.com/Mic92/nixpkgs"
      },
      "original": {
        "shallow": true,
        "type": "git",
        "url": "https://github.com/Mic92/nixpkgs"
      }
    },
    "root": {
      "inputs": {
        "nixpkgs": "nixpkgs"
      }
    }
  },
  "root": "root",
  "version": 7
}
