{
  "nodes": {
    "nixpkgs": {
      "locked": {
        "lastModified": 1748144855,
        "narHash": "sha256-xYIn3Sh7Vnduxkhf8062adOqKVnVHz/WNF6BumzHASo=",
        "ref": "refs/heads/main",
        "rev": "4a18f835f58167ae366277f90314edbc608ad5d3",
        "shallow": true,
        "type": "git",
        "url": "https://github.com/Mic92/nixpkgs"
      },
      "original": {
        "shallow": true,
        "type": "git",
        "url": "https://github.com/Mic92/nixpkgs"
      }
    },
    "root": {
      "inputs": {
        "nixpkgs": "nixpkgs"
      }
    }
  },
  "root": "root",
  "version": 7
}
