{
  "nodes": {
    "nixpkgs": {
      "locked": {
        "lastModified": 1769374494,
        "narHash": "sha256-KnLAN+yGU+Q80UWXPJ8Dh7fqppxfyC+YI5g/Q+e2RNQ=",
        "ref": "refs/heads/main",
        "rev": "e1398e8bfadfe932e33440d07b203c358998eb24",
        "shallow": true,
        "type": "git",
        "url": "https://github.com/Mic92/nixpkgs"
      },
      "original": {
        "shallow": true,
        "type": "git",
        "url": "https://github.com/Mic92/nixpkgs"
      }
    },
    "root": {
      "inputs": {
        "nixpkgs": "nixpkgs"
      }
    }
  },
  "root": "root",
  "version": 7
}
